// !$*UTF8*$!
{
	archiveVersion = 1;
	classes = {
	};
	objectVersion = 46;
	objects = {

/* Begin PBXBuildFile section */
		0702C3CC176E9E6C00F3D3E8 /* OMUImageManager.m in Sources */ = {isa = PBXBuildFile; fileRef = 0702C3CB176E9E6C00F3D3E8 /* OMUImageManager.m */; };
		075393FE175981C600D59314 /* OMUNavigationConstants.m in Sources */ = {isa = PBXBuildFile; fileRef = 075393FD175981C600D59314 /* OMUNavigationConstants.m */; };
		076346841755952200645A1B /* OMUNavigationBar.m in Sources */ = {isa = PBXBuildFile; fileRef = 076346831755952200645A1B /* OMUNavigationBar.m */; };
		0778B216176407BC0069D4B4 /* OMUMinorWeatherCellView.m in Sources */ = {isa = PBXBuildFile; fileRef = 0778B215176407BC0069D4B4 /* OMUMinorWeatherCellView.m */; };
		07866D7A17999327009893E4 /* OMUCoursesViewController.m in Sources */ = {isa = PBXBuildFile; fileRef = 07866D7917999327009893E4 /* OMUCoursesViewController.m */; };
		07866D7D179994F7009893E4 /* OMUUIUtils.m in Sources */ = {isa = PBXBuildFile; fileRef = 07866D7C179994F7009893E4 /* OMUUIUtils.m */; };
		0797986B1763845500A36644 /* OMUWeatherModel.m in Sources */ = {isa = PBXBuildFile; fileRef = 0797986A1763845500A36644 /* OMUWeatherModel.m */; };
		0797986E1763BDDA00A36644 /* OMUCoursesManager.m in Sources */ = {isa = PBXBuildFile; fileRef = 0797986D1763BDDA00A36644 /* OMUCoursesManager.m */; };
		079798711763C89800A36644 /* OMUWeatherCell.m in Sources */ = {isa = PBXBuildFile; fileRef = 079798701763C89800A36644 /* OMUWeatherCell.m */; };
		079798741763CDE100A36644 /* OMUMainWeatherCellView.m in Sources */ = {isa = PBXBuildFile; fileRef = 079798731763CDE100A36644 /* OMUMainWeatherCellView.m */; };
		079B377F177BC53B001DA466 /* OMUSideMenuHeader.m in Sources */ = {isa = PBXBuildFile; fileRef = 079B377E177BC53B001DA466 /* OMUSideMenuHeader.m */; };
		07A86E50175826ED0078ED36 /* OMUSideMenu.m in Sources */ = {isa = PBXBuildFile; fileRef = 07A86E4F175826ED0078ED36 /* OMUSideMenu.m */; };
		07AA9AF917694BA600D90672 /* OMUDefaultLoadingCell.m in Sources */ = {isa = PBXBuildFile; fileRef = 07AA9AF817694BA600D90672 /* OMUDefaultLoadingCell.m */; };
		07AD0EAD1746E5CC002BF8F6 /* UIKit.framework in Frameworks */ = {isa = PBXBuildFile; fileRef = 07AD0EAC1746E5CC002BF8F6 /* UIKit.framework */; };
		07AD0EAF1746E5CC002BF8F6 /* Foundation.framework in Frameworks */ = {isa = PBXBuildFile; fileRef = 07AD0EAE1746E5CC002BF8F6 /* Foundation.framework */; };
		07AD0EB11746E5CC002BF8F6 /* CoreGraphics.framework in Frameworks */ = {isa = PBXBuildFile; fileRef = 07AD0EB01746E5CC002BF8F6 /* CoreGraphics.framework */; };
		07AD0EB71746E5CC002BF8F6 /* InfoPlist.strings in Resources */ = {isa = PBXBuildFile; fileRef = 07AD0EB51746E5CC002BF8F6 /* InfoPlist.strings */; };
		07AD0EB91746E5CC002BF8F6 /* main.m in Sources */ = {isa = PBXBuildFile; fileRef = 07AD0EB81746E5CC002BF8F6 /* main.m */; };
		07AD0EBD1746E5CC002BF8F6 /* OMUAppDelegate.m in Sources */ = {isa = PBXBuildFile; fileRef = 07AD0EBC1746E5CC002BF8F6 /* OMUAppDelegate.m */; };
		07AD0EC61746E5CC002BF8F6 /* OMUDefaultViewController.m in Sources */ = {isa = PBXBuildFile; fileRef = 07AD0EC51746E5CC002BF8F6 /* OMUDefaultViewController.m */; };
		07AD0EC91746E5CC002BF8F6 /* OMUViewController_iPhone.xib in Resources */ = {isa = PBXBuildFile; fileRef = 07AD0EC71746E5CC002BF8F6 /* OMUViewController_iPhone.xib */; };
		07AD0ECC1746E5CC002BF8F6 /* OMUViewController_iPad.xib in Resources */ = {isa = PBXBuildFile; fileRef = 07AD0ECA1746E5CC002BF8F6 /* OMUViewController_iPad.xib */; };
		07C340EA17998A6B00F50D48 /* navbar_back_btn.png in Resources */ = {isa = PBXBuildFile; fileRef = 07C340E817998A6B00F50D48 /* navbar_back_btn.png */; };
		07C340EB17998A6B00F50D48 /* navbar_back_btn@2x.png in Resources */ = {isa = PBXBuildFile; fileRef = 07C340E917998A6B00F50D48 /* navbar_back_btn@2x.png */; };
		07C3558517557599000D9C34 /* AFHTTPClient.m in Sources */ = {isa = PBXBuildFile; fileRef = 07C3557317557599000D9C34 /* AFHTTPClient.m */; };
		07C3558617557599000D9C34 /* AFHTTPRequestOperation.m in Sources */ = {isa = PBXBuildFile; fileRef = 07C3557517557599000D9C34 /* AFHTTPRequestOperation.m */; };
		07C3558717557599000D9C34 /* AFImageRequestOperation.m in Sources */ = {isa = PBXBuildFile; fileRef = 07C3557717557599000D9C34 /* AFImageRequestOperation.m */; };
		07C3558817557599000D9C34 /* AFJSONRequestOperation.m in Sources */ = {isa = PBXBuildFile; fileRef = 07C3557917557599000D9C34 /* AFJSONRequestOperation.m */; };
		07C3558917557599000D9C34 /* AFNetworkActivityIndicatorManager.m in Sources */ = {isa = PBXBuildFile; fileRef = 07C3557B17557599000D9C34 /* AFNetworkActivityIndicatorManager.m */; };
		07C3558A17557599000D9C34 /* AFPropertyListRequestOperation.m in Sources */ = {isa = PBXBuildFile; fileRef = 07C3557E17557599000D9C34 /* AFPropertyListRequestOperation.m */; };
		07C3558B17557599000D9C34 /* AFURLConnectionOperation.m in Sources */ = {isa = PBXBuildFile; fileRef = 07C3558017557599000D9C34 /* AFURLConnectionOperation.m */; };
		07C3558C17557599000D9C34 /* AFXMLRequestOperation.m in Sources */ = {isa = PBXBuildFile; fileRef = 07C3558217557599000D9C34 /* AFXMLRequestOperation.m */; };
		07C3558D17557599000D9C34 /* UIImageView+AFNetworking.m in Sources */ = {isa = PBXBuildFile; fileRef = 07C3558417557599000D9C34 /* UIImageView+AFNetworking.m */; };
		07C5BC96176D1E7F001F59F2 /* OMUDeviceUtils.m in Sources */ = {isa = PBXBuildFile; fileRef = 07C5BC95176D1E7B001F59F2 /* OMUDeviceUtils.m */; };
		07C77280176CE32600053BA6 /* OMUMainImageCell.m in Sources */ = {isa = PBXBuildFile; fileRef = 07C7727F176CE32600053BA6 /* OMUMainImageCell.m */; };
		07D65FFE176240A300FAFBAC /* OMURequestConstants.m in Sources */ = {isa = PBXBuildFile; fileRef = 07D65FFD176240A300FAFBAC /* OMURequestConstants.m */; };
		07D660011763763900FAFBAC /* OMUHomeViewController.m in Sources */ = {isa = PBXBuildFile; fileRef = 07D660001763763900FAFBAC /* OMUHomeViewController.m */; };
		07F3C7E117778323004DFDB4 /* OMUSchoolOrganizerViewController.m in Sources */ = {isa = PBXBuildFile; fileRef = 07F3C7E017778323004DFDB4 /* OMUSchoolOrganizerViewController.m */; };
		07F3C80A17779BB8004DFDB4 /* OMUErrorCell.m in Sources */ = {isa = PBXBuildFile; fileRef = 07F3C80917779BB8004DFDB4 /* OMUErrorCell.m */; };
		07F3C82D1777A10F004DFDB4 /* loading_bar_1.png in Resources */ = {isa = PBXBuildFile; fileRef = 07F3C80B1777A10F004DFDB4 /* loading_bar_1.png */; };
		07F3C82E1777A10F004DFDB4 /* loading_bar_1@2x.png in Resources */ = {isa = PBXBuildFile; fileRef = 07F3C80C1777A10F004DFDB4 /* loading_bar_1@2x.png */; };
		07F3C82F1777A10F004DFDB4 /* loading_bar_2.png in Resources */ = {isa = PBXBuildFile; fileRef = 07F3C80D1777A10F004DFDB4 /* loading_bar_2.png */; };
		07F3C8301777A10F004DFDB4 /* loading_bar_2@2x.png in Resources */ = {isa = PBXBuildFile; fileRef = 07F3C80E1777A10F004DFDB4 /* loading_bar_2@2x.png */; };
		07F3C8311777A10F004DFDB4 /* loading_bar_3.png in Resources */ = {isa = PBXBuildFile; fileRef = 07F3C80F1777A10F004DFDB4 /* loading_bar_3.png */; };
		07F3C8321777A10F004DFDB4 /* loading_bar_3@2x.png in Resources */ = {isa = PBXBuildFile; fileRef = 07F3C8101777A10F004DFDB4 /* loading_bar_3@2x.png */; };
		07F3C8331777A10F004DFDB4 /* loading_bar_4.png in Resources */ = {isa = PBXBuildFile; fileRef = 07F3C8111777A10F004DFDB4 /* loading_bar_4.png */; };
		07F3C8341777A10F004DFDB4 /* loading_bar_4@2x.png in Resources */ = {isa = PBXBuildFile; fileRef = 07F3C8121777A10F004DFDB4 /* loading_bar_4@2x.png */; };
		07F3C8351777A10F004DFDB4 /* loading_bar_5.png in Resources */ = {isa = PBXBuildFile; fileRef = 07F3C8131777A10F004DFDB4 /* loading_bar_5.png */; };
		07F3C8361777A10F004DFDB4 /* loading_bar_5@2x.png in Resources */ = {isa = PBXBuildFile; fileRef = 07F3C8141777A10F004DFDB4 /* loading_bar_5@2x.png */; };
		07F3C8371777A10F004DFDB4 /* loading_bar_6.png in Resources */ = {isa = PBXBuildFile; fileRef = 07F3C8151777A10F004DFDB4 /* loading_bar_6.png */; };
		07F3C8381777A10F004DFDB4 /* loading_bar_6@2x.png in Resources */ = {isa = PBXBuildFile; fileRef = 07F3C8161777A10F004DFDB4 /* loading_bar_6@2x.png */; };
		07F3C8391777A10F004DFDB4 /* loading_bar_7.png in Resources */ = {isa = PBXBuildFile; fileRef = 07F3C8171777A10F004DFDB4 /* loading_bar_7.png */; };
		07F3C83A1777A10F004DFDB4 /* loading_bar_7@2x.png in Resources */ = {isa = PBXBuildFile; fileRef = 07F3C8181777A10F004DFDB4 /* loading_bar_7@2x.png */; };
		07F3C83B1777A10F004DFDB4 /* loading_bar_8.png in Resources */ = {isa = PBXBuildFile; fileRef = 07F3C8191777A10F004DFDB4 /* loading_bar_8.png */; };
		07F3C83C1777A10F004DFDB4 /* loading_bar_8@2x.png in Resources */ = {isa = PBXBuildFile; fileRef = 07F3C81A1777A10F004DFDB4 /* loading_bar_8@2x.png */; };
		07F3C83D1777A10F004DFDB4 /* loading_bar_9.png in Resources */ = {isa = PBXBuildFile; fileRef = 07F3C81B1777A10F004DFDB4 /* loading_bar_9.png */; };
		07F3C83E1777A10F004DFDB4 /* loading_bar_9@2x.png in Resources */ = {isa = PBXBuildFile; fileRef = 07F3C81C1777A10F004DFDB4 /* loading_bar_9@2x.png */; };
		07F3C83F1777A10F004DFDB4 /* loading_bar_10.png in Resources */ = {isa = PBXBuildFile; fileRef = 07F3C81D1777A10F004DFDB4 /* loading_bar_10.png */; };
		07F3C8401777A10F004DFDB4 /* loading_bar_10@2x.png in Resources */ = {isa = PBXBuildFile; fileRef = 07F3C81E1777A10F004DFDB4 /* loading_bar_10@2x.png */; };
		07F3C8411777A10F004DFDB4 /* main_image_direction.png in Resources */ = {isa = PBXBuildFile; fileRef = 07F3C81F1777A10F004DFDB4 /* main_image_direction.png */; };
		07F3C8421777A10F004DFDB4 /* main_image_direction@2x.png in Resources */ = {isa = PBXBuildFile; fileRef = 07F3C8201777A10F004DFDB4 /* main_image_direction@2x.png */; };
		07F3C8431777A10F004DFDB4 /* main_image_faq.png in Resources */ = {isa = PBXBuildFile; fileRef = 07F3C8211777A10F004DFDB4 /* main_image_faq.png */; };
		07F3C8441777A10F004DFDB4 /* main_image_faq@2x.png in Resources */ = {isa = PBXBuildFile; fileRef = 07F3C8221777A10F004DFDB4 /* main_image_faq@2x.png */; };
		07F3C8451777A10F004DFDB4 /* main_image_news.png in Resources */ = {isa = PBXBuildFile; fileRef = 07F3C8231777A10F004DFDB4 /* main_image_news.png */; };
		07F3C8461777A10F004DFDB4 /* main_image_news@2x.png in Resources */ = {isa = PBXBuildFile; fileRef = 07F3C8241777A10F004DFDB4 /* main_image_news@2x.png */; };
		07F3C8471777A10F004DFDB4 /* main_image_school.png in Resources */ = {isa = PBXBuildFile; fileRef = 07F3C8251777A10F004DFDB4 /* main_image_school.png */; };
		07F3C8481777A10F004DFDB4 /* main_image_school@2x.png in Resources */ = {isa = PBXBuildFile; fileRef = 07F3C8261777A10F004DFDB4 /* main_image_school@2x.png */; };
		07F3C8491777A10F004DFDB4 /* main_image_social.png in Resources */ = {isa = PBXBuildFile; fileRef = 07F3C8271777A10F004DFDB4 /* main_image_social.png */; };
		07F3C84A1777A10F004DFDB4 /* main_image_social@2x.png in Resources */ = {isa = PBXBuildFile; fileRef = 07F3C8281777A10F004DFDB4 /* main_image_social@2x.png */; };
		07F3C84B1777A10F004DFDB4 /* navbar_bg.png in Resources */ = {isa = PBXBuildFile; fileRef = 07F3C8291777A10F004DFDB4 /* navbar_bg.png */; };
		07F3C84C1777A10F004DFDB4 /* navbar_bg@2x.png in Resources */ = {isa = PBXBuildFile; fileRef = 07F3C82A1777A10F004DFDB4 /* navbar_bg@2x.png */; };
		07F3C84D1777A10F004DFDB4 /* navbar_menu_btn.png in Resources */ = {isa = PBXBuildFile; fileRef = 07F3C82B1777A10F004DFDB4 /* navbar_menu_btn.png */; };
		07F3C84E1777A10F004DFDB4 /* navbar_menu_btn@2x.png in Resources */ = {isa = PBXBuildFile; fileRef = 07F3C82C1777A10F004DFDB4 /* navbar_menu_btn@2x.png */; };
		07F3C8511777A4A2004DFDB4 /* OMUInfoCell.m in Sources */ = {isa = PBXBuildFile; fileRef = 07F3C8501777A4A1004DFDB4 /* OMUInfoCell.m */; };
		07F3C8551777A7C2004DFDB4 /* error_bar.png in Resources */ = {isa = PBXBuildFile; fileRef = 07F3C8531777A7C2004DFDB4 /* error_bar.png */; };
		07F3C8561777A7C2004DFDB4 /* error_bar@2x.png in Resources */ = {isa = PBXBuildFile; fileRef = 07F3C8541777A7C2004DFDB4 /* error_bar@2x.png */; };
/* End PBXBuildFile section */

/* Begin PBXFileReference section */
		0702C3CA176E9E6C00F3D3E8 /* OMUImageManager.h */ = {isa = PBXFileReference; fileEncoding = 4; lastKnownFileType = sourcecode.c.h; name = OMUImageManager.h; path = Classes/OMUImageManager.h; sourceTree = "<group>"; };
		0702C3CB176E9E6C00F3D3E8 /* OMUImageManager.m */ = {isa = PBXFileReference; fileEncoding = 4; lastKnownFileType = sourcecode.c.objc; name = OMUImageManager.m; path = Classes/OMUImageManager.m; sourceTree = "<group>"; };
		075393FC175981C600D59314 /* OMUNavigationConstants.h */ = {isa = PBXFileReference; fileEncoding = 4; lastKnownFileType = sourcecode.c.h; name = OMUNavigationConstants.h; path = Classes/OMUNavigationConstants.h; sourceTree = "<group>"; };
		075393FD175981C600D59314 /* OMUNavigationConstants.m */ = {isa = PBXFileReference; fileEncoding = 4; lastKnownFileType = sourcecode.c.objc; name = OMUNavigationConstants.m; path = Classes/OMUNavigationConstants.m; sourceTree = "<group>"; };
		076346821755952200645A1B /* OMUNavigationBar.h */ = {isa = PBXFileReference; fileEncoding = 4; lastKnownFileType = sourcecode.c.h; name = OMUNavigationBar.h; path = Classes/OMUNavigationBar.h; sourceTree = "<group>"; };
		076346831755952200645A1B /* OMUNavigationBar.m */ = {isa = PBXFileReference; fileEncoding = 4; lastKnownFileType = sourcecode.c.objc; name = OMUNavigationBar.m; path = Classes/OMUNavigationBar.m; sourceTree = "<group>"; };
		0778B214176407BC0069D4B4 /* OMUMinorWeatherCellView.h */ = {isa = PBXFileReference; fileEncoding = 4; lastKnownFileType = sourcecode.c.h; name = OMUMinorWeatherCellView.h; path = Classes/OMUMinorWeatherCellView.h; sourceTree = "<group>"; };
		0778B215176407BC0069D4B4 /* OMUMinorWeatherCellView.m */ = {isa = PBXFileReference; fileEncoding = 4; lastKnownFileType = sourcecode.c.objc; name = OMUMinorWeatherCellView.m; path = Classes/OMUMinorWeatherCellView.m; sourceTree = "<group>"; };
		07866D7817999327009893E4 /* OMUCoursesViewController.h */ = {isa = PBXFileReference; fileEncoding = 4; lastKnownFileType = sourcecode.c.h; name = OMUCoursesViewController.h; path = Classes/OMUCoursesViewController.h; sourceTree = "<group>"; };
		07866D7917999327009893E4 /* OMUCoursesViewController.m */ = {isa = PBXFileReference; fileEncoding = 4; lastKnownFileType = sourcecode.c.objc; name = OMUCoursesViewController.m; path = Classes/OMUCoursesViewController.m; sourceTree = "<group>"; };
		07866D7B179994F7009893E4 /* OMUUIUtils.h */ = {isa = PBXFileReference; fileEncoding = 4; lastKnownFileType = sourcecode.c.h; name = OMUUIUtils.h; path = Classes/OMUUIUtils.h; sourceTree = "<group>"; };
		07866D7C179994F7009893E4 /* OMUUIUtils.m */ = {isa = PBXFileReference; fileEncoding = 4; lastKnownFileType = sourcecode.c.objc; name = OMUUIUtils.m; path = Classes/OMUUIUtils.m; sourceTree = "<group>"; };
		079798691763845500A36644 /* OMUWeatherModel.h */ = {isa = PBXFileReference; fileEncoding = 4; lastKnownFileType = sourcecode.c.h; name = OMUWeatherModel.h; path = Classes/OMUWeatherModel.h; sourceTree = "<group>"; };
		0797986A1763845500A36644 /* OMUWeatherModel.m */ = {isa = PBXFileReference; fileEncoding = 4; lastKnownFileType = sourcecode.c.objc; name = OMUWeatherModel.m; path = Classes/OMUWeatherModel.m; sourceTree = "<group>"; };
		0797986C1763BDDA00A36644 /* OMUCoursesManager.h */ = {isa = PBXFileReference; fileEncoding = 4; lastKnownFileType = sourcecode.c.h; name = OMUCoursesManager.h; path = Classes/OMUCoursesManager.h; sourceTree = "<group>"; };
		0797986D1763BDDA00A36644 /* OMUCoursesManager.m */ = {isa = PBXFileReference; fileEncoding = 4; lastKnownFileType = sourcecode.c.objc; name = OMUCoursesManager.m; path = Classes/OMUCoursesManager.m; sourceTree = "<group>"; };
		0797986F1763C89800A36644 /* OMUWeatherCell.h */ = {isa = PBXFileReference; fileEncoding = 4; lastKnownFileType = sourcecode.c.h; name = OMUWeatherCell.h; path = Classes/OMUWeatherCell.h; sourceTree = "<group>"; };
		079798701763C89800A36644 /* OMUWeatherCell.m */ = {isa = PBXFileReference; fileEncoding = 4; lastKnownFileType = sourcecode.c.objc; name = OMUWeatherCell.m; path = Classes/OMUWeatherCell.m; sourceTree = "<group>"; };
		079798721763CDE100A36644 /* OMUMainWeatherCellView.h */ = {isa = PBXFileReference; fileEncoding = 4; lastKnownFileType = sourcecode.c.h; name = OMUMainWeatherCellView.h; path = Classes/OMUMainWeatherCellView.h; sourceTree = "<group>"; };
		079798731763CDE100A36644 /* OMUMainWeatherCellView.m */ = {isa = PBXFileReference; fileEncoding = 4; lastKnownFileType = sourcecode.c.objc; name = OMUMainWeatherCellView.m; path = Classes/OMUMainWeatherCellView.m; sourceTree = "<group>"; };
		079B377D177BC53B001DA466 /* OMUSideMenuHeader.h */ = {isa = PBXFileReference; fileEncoding = 4; lastKnownFileType = sourcecode.c.h; name = OMUSideMenuHeader.h; path = Classes/OMUSideMenuHeader.h; sourceTree = "<group>"; };
		079B377E177BC53B001DA466 /* OMUSideMenuHeader.m */ = {isa = PBXFileReference; fileEncoding = 4; lastKnownFileType = sourcecode.c.objc; name = OMUSideMenuHeader.m; path = Classes/OMUSideMenuHeader.m; sourceTree = "<group>"; };
		07A86E4E175826ED0078ED36 /* OMUSideMenu.h */ = {isa = PBXFileReference; fileEncoding = 4; lastKnownFileType = sourcecode.c.h; name = OMUSideMenu.h; path = Classes/OMUSideMenu.h; sourceTree = "<group>"; };
		07A86E4F175826ED0078ED36 /* OMUSideMenu.m */ = {isa = PBXFileReference; fileEncoding = 4; lastKnownFileType = sourcecode.c.objc; name = OMUSideMenu.m; path = Classes/OMUSideMenu.m; sourceTree = "<group>"; };
		07AA9AF717694BA600D90672 /* OMUDefaultLoadingCell.h */ = {isa = PBXFileReference; fileEncoding = 4; lastKnownFileType = sourcecode.c.h; name = OMUDefaultLoadingCell.h; path = Classes/OMUDefaultLoadingCell.h; sourceTree = "<group>"; };
		07AA9AF817694BA600D90672 /* OMUDefaultLoadingCell.m */ = {isa = PBXFileReference; fileEncoding = 4; lastKnownFileType = sourcecode.c.objc; name = OMUDefaultLoadingCell.m; path = Classes/OMUDefaultLoadingCell.m; sourceTree = "<group>"; };
		07AD0EA91746E5CC002BF8F6 /* Oh My UW.app */ = {isa = PBXFileReference; explicitFileType = wrapper.application; includeInIndex = 0; path = "Oh My UW.app"; sourceTree = BUILT_PRODUCTS_DIR; };
		07AD0EAC1746E5CC002BF8F6 /* UIKit.framework */ = {isa = PBXFileReference; lastKnownFileType = wrapper.framework; name = UIKit.framework; path = System/Library/Frameworks/UIKit.framework; sourceTree = SDKROOT; };
		07AD0EAE1746E5CC002BF8F6 /* Foundation.framework */ = {isa = PBXFileReference; lastKnownFileType = wrapper.framework; name = Foundation.framework; path = System/Library/Frameworks/Foundation.framework; sourceTree = SDKROOT; };
		07AD0EB01746E5CC002BF8F6 /* CoreGraphics.framework */ = {isa = PBXFileReference; lastKnownFileType = wrapper.framework; name = CoreGraphics.framework; path = System/Library/Frameworks/CoreGraphics.framework; sourceTree = SDKROOT; };
		07AD0EB41746E5CC002BF8F6 /* Oh_My_UW-Info.plist */ = {isa = PBXFileReference; lastKnownFileType = text.plist.xml; path = "Oh_My_UW-Info.plist"; sourceTree = "<group>"; };
		07AD0EB61746E5CC002BF8F6 /* en */ = {isa = PBXFileReference; lastKnownFileType = text.plist.strings; name = en; path = en.lproj/InfoPlist.strings; sourceTree = "<group>"; };
		07AD0EB81746E5CC002BF8F6 /* main.m */ = {isa = PBXFileReference; lastKnownFileType = sourcecode.c.objc; path = main.m; sourceTree = "<group>"; };
		07AD0EBA1746E5CC002BF8F6 /* Oh_My_UW-Prefix.pch */ = {isa = PBXFileReference; lastKnownFileType = sourcecode.c.h; path = "Oh_My_UW-Prefix.pch"; sourceTree = "<group>"; };
		07AD0EBB1746E5CC002BF8F6 /* OMUAppDelegate.h */ = {isa = PBXFileReference; lastKnownFileType = sourcecode.c.h; name = OMUAppDelegate.h; path = "Oh My UW/OMUAppDelegate.h"; sourceTree = "<group>"; };
		07AD0EBC1746E5CC002BF8F6 /* OMUAppDelegate.m */ = {isa = PBXFileReference; lastKnownFileType = sourcecode.c.objc; name = OMUAppDelegate.m; path = "Oh My UW/OMUAppDelegate.m"; sourceTree = "<group>"; };
		07AD0EC41746E5CC002BF8F6 /* OMUDefaultViewController.h */ = {isa = PBXFileReference; lastKnownFileType = sourcecode.c.h; path = OMUDefaultViewController.h; sourceTree = "<group>"; };
		07AD0EC51746E5CC002BF8F6 /* OMUDefaultViewController.m */ = {isa = PBXFileReference; lastKnownFileType = sourcecode.c.objc; path = OMUDefaultViewController.m; sourceTree = "<group>"; };
		07AD0EC81746E5CC002BF8F6 /* en */ = {isa = PBXFileReference; lastKnownFileType = file.xib; name = en; path = en.lproj/OMUViewController_iPhone.xib; sourceTree = "<group>"; };
		07AD0ECB1746E5CC002BF8F6 /* en */ = {isa = PBXFileReference; lastKnownFileType = file.xib; name = en; path = en.lproj/OMUViewController_iPad.xib; sourceTree = "<group>"; };
		07C340E817998A6B00F50D48 /* navbar_back_btn.png */ = {isa = PBXFileReference; lastKnownFileType = image.png; path = navbar_back_btn.png; sourceTree = "<group>"; };
		07C340E917998A6B00F50D48 /* navbar_back_btn@2x.png */ = {isa = PBXFileReference; lastKnownFileType = image.png; path = "navbar_back_btn@2x.png"; sourceTree = "<group>"; };
		07C3557217557599000D9C34 /* AFHTTPClient.h */ = {isa = PBXFileReference; fileEncoding = 4; lastKnownFileType = sourcecode.c.h; path = AFHTTPClient.h; sourceTree = "<group>"; };
		07C3557317557599000D9C34 /* AFHTTPClient.m */ = {isa = PBXFileReference; fileEncoding = 4; lastKnownFileType = sourcecode.c.objc; path = AFHTTPClient.m; sourceTree = "<group>"; };
		07C3557417557599000D9C34 /* AFHTTPRequestOperation.h */ = {isa = PBXFileReference; fileEncoding = 4; lastKnownFileType = sourcecode.c.h; path = AFHTTPRequestOperation.h; sourceTree = "<group>"; };
		07C3557517557599000D9C34 /* AFHTTPRequestOperation.m */ = {isa = PBXFileReference; fileEncoding = 4; lastKnownFileType = sourcecode.c.objc; path = AFHTTPRequestOperation.m; sourceTree = "<group>"; };
		07C3557617557599000D9C34 /* AFImageRequestOperation.h */ = {isa = PBXFileReference; fileEncoding = 4; lastKnownFileType = sourcecode.c.h; path = AFImageRequestOperation.h; sourceTree = "<group>"; };
		07C3557717557599000D9C34 /* AFImageRequestOperation.m */ = {isa = PBXFileReference; fileEncoding = 4; lastKnownFileType = sourcecode.c.objc; path = AFImageRequestOperation.m; sourceTree = "<group>"; };
		07C3557817557599000D9C34 /* AFJSONRequestOperation.h */ = {isa = PBXFileReference; fileEncoding = 4; lastKnownFileType = sourcecode.c.h; path = AFJSONRequestOperation.h; sourceTree = "<group>"; };
		07C3557917557599000D9C34 /* AFJSONRequestOperation.m */ = {isa = PBXFileReference; fileEncoding = 4; lastKnownFileType = sourcecode.c.objc; path = AFJSONRequestOperation.m; sourceTree = "<group>"; };
		07C3557A17557599000D9C34 /* AFNetworkActivityIndicatorManager.h */ = {isa = PBXFileReference; fileEncoding = 4; lastKnownFileType = sourcecode.c.h; path = AFNetworkActivityIndicatorManager.h; sourceTree = "<group>"; };
		07C3557B17557599000D9C34 /* AFNetworkActivityIndicatorManager.m */ = {isa = PBXFileReference; fileEncoding = 4; lastKnownFileType = sourcecode.c.objc; path = AFNetworkActivityIndicatorManager.m; sourceTree = "<group>"; };
		07C3557C17557599000D9C34 /* AFNetworking.h */ = {isa = PBXFileReference; fileEncoding = 4; lastKnownFileType = sourcecode.c.h; path = AFNetworking.h; sourceTree = "<group>"; };
		07C3557D17557599000D9C34 /* AFPropertyListRequestOperation.h */ = {isa = PBXFileReference; fileEncoding = 4; lastKnownFileType = sourcecode.c.h; path = AFPropertyListRequestOperation.h; sourceTree = "<group>"; };
		07C3557E17557599000D9C34 /* AFPropertyListRequestOperation.m */ = {isa = PBXFileReference; fileEncoding = 4; lastKnownFileType = sourcecode.c.objc; path = AFPropertyListRequestOperation.m; sourceTree = "<group>"; };
		07C3557F17557599000D9C34 /* AFURLConnectionOperation.h */ = {isa = PBXFileReference; fileEncoding = 4; lastKnownFileType = sourcecode.c.h; path = AFURLConnectionOperation.h; sourceTree = "<group>"; };
		07C3558017557599000D9C34 /* AFURLConnectionOperation.m */ = {isa = PBXFileReference; fileEncoding = 4; lastKnownFileType = sourcecode.c.objc; path = AFURLConnectionOperation.m; sourceTree = "<group>"; };
		07C3558117557599000D9C34 /* AFXMLRequestOperation.h */ = {isa = PBXFileReference; fileEncoding = 4; lastKnownFileType = sourcecode.c.h; path = AFXMLRequestOperation.h; sourceTree = "<group>"; };
		07C3558217557599000D9C34 /* AFXMLRequestOperation.m */ = {isa = PBXFileReference; fileEncoding = 4; lastKnownFileType = sourcecode.c.objc; path = AFXMLRequestOperation.m; sourceTree = "<group>"; };
		07C3558317557599000D9C34 /* UIImageView+AFNetworking.h */ = {isa = PBXFileReference; fileEncoding = 4; lastKnownFileType = sourcecode.c.h; path = "UIImageView+AFNetworking.h"; sourceTree = "<group>"; };
		07C3558417557599000D9C34 /* UIImageView+AFNetworking.m */ = {isa = PBXFileReference; fileEncoding = 4; lastKnownFileType = sourcecode.c.objc; path = "UIImageView+AFNetworking.m"; sourceTree = "<group>"; };
		07C5BC94176D1E7B001F59F2 /* OMUDeviceUtils.h */ = {isa = PBXFileReference; lastKnownFileType = sourcecode.c.h; name = OMUDeviceUtils.h; path = Classes/OMUDeviceUtils.h; sourceTree = "<group>"; };
		07C5BC95176D1E7B001F59F2 /* OMUDeviceUtils.m */ = {isa = PBXFileReference; lastKnownFileType = sourcecode.c.objc; name = OMUDeviceUtils.m; path = Classes/OMUDeviceUtils.m; sourceTree = "<group>"; };
		07C7727E176CE32600053BA6 /* OMUMainImageCell.h */ = {isa = PBXFileReference; fileEncoding = 4; lastKnownFileType = sourcecode.c.h; name = OMUMainImageCell.h; path = Classes/OMUMainImageCell.h; sourceTree = "<group>"; };
		07C7727F176CE32600053BA6 /* OMUMainImageCell.m */ = {isa = PBXFileReference; fileEncoding = 4; lastKnownFileType = sourcecode.c.objc; name = OMUMainImageCell.m; path = Classes/OMUMainImageCell.m; sourceTree = "<group>"; };
		07D65FFC176240A300FAFBAC /* OMURequestConstants.h */ = {isa = PBXFileReference; fileEncoding = 4; lastKnownFileType = sourcecode.c.h; name = OMURequestConstants.h; path = Classes/OMURequestConstants.h; sourceTree = "<group>"; };
		07D65FFD176240A300FAFBAC /* OMURequestConstants.m */ = {isa = PBXFileReference; fileEncoding = 4; lastKnownFileType = sourcecode.c.objc; name = OMURequestConstants.m; path = Classes/OMURequestConstants.m; sourceTree = "<group>"; };
		07D65FFF1763763900FAFBAC /* OMUHomeViewController.h */ = {isa = PBXFileReference; fileEncoding = 4; lastKnownFileType = sourcecode.c.h; name = OMUHomeViewController.h; path = Classes/OMUHomeViewController.h; sourceTree = "<group>"; };
		07D660001763763900FAFBAC /* OMUHomeViewController.m */ = {isa = PBXFileReference; fileEncoding = 4; lastKnownFileType = sourcecode.c.objc; name = OMUHomeViewController.m; path = Classes/OMUHomeViewController.m; sourceTree = "<group>"; };
		07F3C7DF17778323004DFDB4 /* OMUSchoolOrganizerViewController.h */ = {isa = PBXFileReference; fileEncoding = 4; lastKnownFileType = sourcecode.c.h; name = OMUSchoolOrganizerViewController.h; path = Classes/OMUSchoolOrganizerViewController.h; sourceTree = "<group>"; };
		07F3C7E017778323004DFDB4 /* OMUSchoolOrganizerViewController.m */ = {isa = PBXFileReference; fileEncoding = 4; lastKnownFileType = sourcecode.c.objc; name = OMUSchoolOrganizerViewController.m; path = Classes/OMUSchoolOrganizerViewController.m; sourceTree = "<group>"; };
		07F3C80817779BB8004DFDB4 /* OMUErrorCell.h */ = {isa = PBXFileReference; fileEncoding = 4; lastKnownFileType = sourcecode.c.h; name = OMUErrorCell.h; path = Classes/OMUErrorCell.h; sourceTree = "<group>"; };
		07F3C80917779BB8004DFDB4 /* OMUErrorCell.m */ = {isa = PBXFileReference; fileEncoding = 4; lastKnownFileType = sourcecode.c.objc; name = OMUErrorCell.m; path = Classes/OMUErrorCell.m; sourceTree = "<group>"; };
		07F3C80B1777A10F004DFDB4 /* loading_bar_1.png */ = {isa = PBXFileReference; lastKnownFileType = image.png; path = loading_bar_1.png; sourceTree = "<group>"; };
		07F3C80C1777A10F004DFDB4 /* loading_bar_1@2x.png */ = {isa = PBXFileReference; lastKnownFileType = image.png; path = "loading_bar_1@2x.png"; sourceTree = "<group>"; };
		07F3C80D1777A10F004DFDB4 /* loading_bar_2.png */ = {isa = PBXFileReference; lastKnownFileType = image.png; path = loading_bar_2.png; sourceTree = "<group>"; };
		07F3C80E1777A10F004DFDB4 /* loading_bar_2@2x.png */ = {isa = PBXFileReference; lastKnownFileType = image.png; path = "loading_bar_2@2x.png"; sourceTree = "<group>"; };
		07F3C80F1777A10F004DFDB4 /* loading_bar_3.png */ = {isa = PBXFileReference; lastKnownFileType = image.png; path = loading_bar_3.png; sourceTree = "<group>"; };
		07F3C8101777A10F004DFDB4 /* loading_bar_3@2x.png */ = {isa = PBXFileReference; lastKnownFileType = image.png; path = "loading_bar_3@2x.png"; sourceTree = "<group>"; };
		07F3C8111777A10F004DFDB4 /* loading_bar_4.png */ = {isa = PBXFileReference; lastKnownFileType = image.png; path = loading_bar_4.png; sourceTree = "<group>"; };
		07F3C8121777A10F004DFDB4 /* loading_bar_4@2x.png */ = {isa = PBXFileReference; lastKnownFileType = image.png; path = "loading_bar_4@2x.png"; sourceTree = "<group>"; };
		07F3C8131777A10F004DFDB4 /* loading_bar_5.png */ = {isa = PBXFileReference; lastKnownFileType = image.png; path = loading_bar_5.png; sourceTree = "<group>"; };
		07F3C8141777A10F004DFDB4 /* loading_bar_5@2x.png */ = {isa = PBXFileReference; lastKnownFileType = image.png; path = "loading_bar_5@2x.png"; sourceTree = "<group>"; };
		07F3C8151777A10F004DFDB4 /* loading_bar_6.png */ = {isa = PBXFileReference; lastKnownFileType = image.png; path = loading_bar_6.png; sourceTree = "<group>"; };
		07F3C8161777A10F004DFDB4 /* loading_bar_6@2x.png */ = {isa = PBXFileReference; lastKnownFileType = image.png; path = "loading_bar_6@2x.png"; sourceTree = "<group>"; };
		07F3C8171777A10F004DFDB4 /* loading_bar_7.png */ = {isa = PBXFileReference; lastKnownFileType = image.png; path = loading_bar_7.png; sourceTree = "<group>"; };
		07F3C8181777A10F004DFDB4 /* loading_bar_7@2x.png */ = {isa = PBXFileReference; lastKnownFileType = image.png; path = "loading_bar_7@2x.png"; sourceTree = "<group>"; };
		07F3C8191777A10F004DFDB4 /* loading_bar_8.png */ = {isa = PBXFileReference; lastKnownFileType = image.png; path = loading_bar_8.png; sourceTree = "<group>"; };
		07F3C81A1777A10F004DFDB4 /* loading_bar_8@2x.png */ = {isa = PBXFileReference; lastKnownFileType = image.png; path = "loading_bar_8@2x.png"; sourceTree = "<group>"; };
		07F3C81B1777A10F004DFDB4 /* loading_bar_9.png */ = {isa = PBXFileReference; lastKnownFileType = image.png; path = loading_bar_9.png; sourceTree = "<group>"; };
		07F3C81C1777A10F004DFDB4 /* loading_bar_9@2x.png */ = {isa = PBXFileReference; lastKnownFileType = image.png; path = "loading_bar_9@2x.png"; sourceTree = "<group>"; };
		07F3C81D1777A10F004DFDB4 /* loading_bar_10.png */ = {isa = PBXFileReference; lastKnownFileType = image.png; path = loading_bar_10.png; sourceTree = "<group>"; };
		07F3C81E1777A10F004DFDB4 /* loading_bar_10@2x.png */ = {isa = PBXFileReference; lastKnownFileType = image.png; path = "loading_bar_10@2x.png"; sourceTree = "<group>"; };
		07F3C81F1777A10F004DFDB4 /* main_image_direction.png */ = {isa = PBXFileReference; lastKnownFileType = image.png; path = main_image_direction.png; sourceTree = "<group>"; };
		07F3C8201777A10F004DFDB4 /* main_image_direction@2x.png */ = {isa = PBXFileReference; lastKnownFileType = image.png; path = "main_image_direction@2x.png"; sourceTree = "<group>"; };
		07F3C8211777A10F004DFDB4 /* main_image_faq.png */ = {isa = PBXFileReference; lastKnownFileType = image.png; path = main_image_faq.png; sourceTree = "<group>"; };
		07F3C8221777A10F004DFDB4 /* main_image_faq@2x.png */ = {isa = PBXFileReference; lastKnownFileType = image.png; path = "main_image_faq@2x.png"; sourceTree = "<group>"; };
		07F3C8231777A10F004DFDB4 /* main_image_news.png */ = {isa = PBXFileReference; lastKnownFileType = image.png; path = main_image_news.png; sourceTree = "<group>"; };
		07F3C8241777A10F004DFDB4 /* main_image_news@2x.png */ = {isa = PBXFileReference; lastKnownFileType = image.png; path = "main_image_news@2x.png"; sourceTree = "<group>"; };
		07F3C8251777A10F004DFDB4 /* main_image_school.png */ = {isa = PBXFileReference; lastKnownFileType = image.png; path = main_image_school.png; sourceTree = "<group>"; };
		07F3C8261777A10F004DFDB4 /* main_image_school@2x.png */ = {isa = PBXFileReference; lastKnownFileType = image.png; path = "main_image_school@2x.png"; sourceTree = "<group>"; };
		07F3C8271777A10F004DFDB4 /* main_image_social.png */ = {isa = PBXFileReference; lastKnownFileType = image.png; path = main_image_social.png; sourceTree = "<group>"; };
		07F3C8281777A10F004DFDB4 /* main_image_social@2x.png */ = {isa = PBXFileReference; lastKnownFileType = image.png; path = "main_image_social@2x.png"; sourceTree = "<group>"; };
		07F3C8291777A10F004DFDB4 /* navbar_bg.png */ = {isa = PBXFileReference; lastKnownFileType = image.png; path = navbar_bg.png; sourceTree = "<group>"; };
		07F3C82A1777A10F004DFDB4 /* navbar_bg@2x.png */ = {isa = PBXFileReference; lastKnownFileType = image.png; path = "navbar_bg@2x.png"; sourceTree = "<group>"; };
		07F3C82B1777A10F004DFDB4 /* navbar_menu_btn.png */ = {isa = PBXFileReference; lastKnownFileType = image.png; path = navbar_menu_btn.png; sourceTree = "<group>"; };
		07F3C82C1777A10F004DFDB4 /* navbar_menu_btn@2x.png */ = {isa = PBXFileReference; lastKnownFileType = image.png; path = "navbar_menu_btn@2x.png"; sourceTree = "<group>"; };
		07F3C84F1777A4A1004DFDB4 /* OMUInfoCell.h */ = {isa = PBXFileReference; fileEncoding = 4; lastKnownFileType = sourcecode.c.h; name = OMUInfoCell.h; path = Classes/OMUInfoCell.h; sourceTree = "<group>"; };
		07F3C8501777A4A1004DFDB4 /* OMUInfoCell.m */ = {isa = PBXFileReference; fileEncoding = 4; lastKnownFileType = sourcecode.c.objc; name = OMUInfoCell.m; path = Classes/OMUInfoCell.m; sourceTree = "<group>"; };
		07F3C8531777A7C2004DFDB4 /* error_bar.png */ = {isa = PBXFileReference; lastKnownFileType = image.png; path = error_bar.png; sourceTree = "<group>"; };
		07F3C8541777A7C2004DFDB4 /* error_bar@2x.png */ = {isa = PBXFileReference; lastKnownFileType = image.png; path = "error_bar@2x.png"; sourceTree = "<group>"; };
/* End PBXFileReference section */

/* Begin PBXFrameworksBuildPhase section */
		07AD0EA61746E5CC002BF8F6 /* Frameworks */ = {
			isa = PBXFrameworksBuildPhase;
			buildActionMask = 2147483647;
			files = (
				07AD0EAD1746E5CC002BF8F6 /* UIKit.framework in Frameworks */,
				07AD0EAF1746E5CC002BF8F6 /* Foundation.framework in Frameworks */,
				07AD0EB11746E5CC002BF8F6 /* CoreGraphics.framework in Frameworks */,
			);
			runOnlyForDeploymentPostprocessing = 0;
		};
/* End PBXFrameworksBuildPhase section */

/* Begin PBXGroup section */
		0705539E1768C45D00544B99 /* Weather Cell */ = {
			isa = PBXGroup;
			children = (
				079798721763CDE100A36644 /* OMUMainWeatherCellView.h */,
				079798731763CDE100A36644 /* OMUMainWeatherCellView.m */,
				0778B214176407BC0069D4B4 /* OMUMinorWeatherCellView.h */,
				0778B215176407BC0069D4B4 /* OMUMinorWeatherCellView.m */,
				0797986F1763C89800A36644 /* OMUWeatherCell.h */,
				079798701763C89800A36644 /* OMUWeatherCell.m */,
			);
			name = "Weather Cell";
			sourceTree = "<group>";
		};
		075393F317597CD100D59314 /* Views */ = {
			isa = PBXGroup;
			children = (
				07AA9AF617694B7500D90672 /* Home */,
				07AA9AF517694B6500D90672 /* Navigation */,
			);
			name = Views;
			sourceTree = "<group>";
		};
		075393F417597CF300D59314 /* Other */ = {
			isa = PBXGroup;
			children = (
				07D65FFC176240A300FAFBAC /* OMURequestConstants.h */,
				07D65FFD176240A300FAFBAC /* OMURequestConstants.m */,
				075393FC175981C600D59314 /* OMUNavigationConstants.h */,
				075393FD175981C600D59314 /* OMUNavigationConstants.m */,
				07C5BC94176D1E7B001F59F2 /* OMUDeviceUtils.h */,
				07C5BC95176D1E7B001F59F2 /* OMUDeviceUtils.m */,
				0702C3CA176E9E6C00F3D3E8 /* OMUImageManager.h */,
				0702C3CB176E9E6C00F3D3E8 /* OMUImageManager.m */,
				07866D7B179994F7009893E4 /* OMUUIUtils.h */,
				07866D7C179994F7009893E4 /* OMUUIUtils.m */,
			);
			name = Other;
			sourceTree = "<group>";
		};
		07AA9AF517694B6500D90672 /* Navigation */ = {
			isa = PBXGroup;
			children = (
				076346821755952200645A1B /* OMUNavigationBar.h */,
				076346831755952200645A1B /* OMUNavigationBar.m */,
				07A86E4E175826ED0078ED36 /* OMUSideMenu.h */,
				07A86E4F175826ED0078ED36 /* OMUSideMenu.m */,
				079B377D177BC53B001DA466 /* OMUSideMenuHeader.h */,
				079B377E177BC53B001DA466 /* OMUSideMenuHeader.m */,
			);
			name = Navigation;
			sourceTree = "<group>";
		};
		07AA9AF617694B7500D90672 /* Home */ = {
			isa = PBXGroup;
			children = (
				07C7727D176CE30500053BA6 /* Main Image Cell */,
				0705539E1768C45D00544B99 /* Weather Cell */,
				07F3C8521777A59C004DFDB4 /* Info Cells */,
			);
			name = Home;
			sourceTree = "<group>";
		};
		07AD0EA01746E5CB002BF8F6 = {
			isa = PBXGroup;
			children = (
				07C3557017557561000D9C34 /* Libraries */,
				07AD0EBB1746E5CC002BF8F6 /* OMUAppDelegate.h */,
				07AD0EBC1746E5CC002BF8F6 /* OMUAppDelegate.m */,
				07AD0EB21746E5CC002BF8F6 /* Oh My UW */,
				07EDE2411746E9ED005CB5B1 /* Resources */,
				07AD0EB31746E5CC002BF8F6 /* Supporting Files */,
				07AD0EAB1746E5CC002BF8F6 /* Frameworks */,
				07AD0EAA1746E5CC002BF8F6 /* Products */,
			);
			sourceTree = "<group>";
		};
		07AD0EAA1746E5CC002BF8F6 /* Products */ = {
			isa = PBXGroup;
			children = (
				07AD0EA91746E5CC002BF8F6 /* Oh My UW.app */,
			);
			name = Products;
			sourceTree = "<group>";
		};
		07AD0EAB1746E5CC002BF8F6 /* Frameworks */ = {
			isa = PBXGroup;
			children = (
				07AD0EAC1746E5CC002BF8F6 /* UIKit.framework */,
				07AD0EAE1746E5CC002BF8F6 /* Foundation.framework */,
				07AD0EB01746E5CC002BF8F6 /* CoreGraphics.framework */,
			);
			name = Frameworks;
			sourceTree = "<group>";
		};
		07AD0EB21746E5CC002BF8F6 /* Oh My UW */ = {
			isa = PBXGroup;
			children = (
				075393F317597CD100D59314 /* Views */,
				07EDE23F1746E9BD005CB5B1 /* View Controllers */,
				07EDE23E1746E9B5005CB5B1 /* Models */,
				075393F417597CF300D59314 /* Other */,
			);
			path = "Oh My UW";
			sourceTree = "<group>";
		};
		07AD0EB31746E5CC002BF8F6 /* Supporting Files */ = {
			isa = PBXGroup;
			children = (
				07AD0EB41746E5CC002BF8F6 /* Oh_My_UW-Info.plist */,
				07AD0EB51746E5CC002BF8F6 /* InfoPlist.strings */,
				07AD0EB81746E5CC002BF8F6 /* main.m */,
				07AD0EBA1746E5CC002BF8F6 /* Oh_My_UW-Prefix.pch */,
			);
			name = "Supporting Files";
			path = "Oh My UW";
			sourceTree = "<group>";
		};
		07C3557017557561000D9C34 /* Libraries */ = {
			isa = PBXGroup;
			children = (
				07C3557117557599000D9C34 /* AFNetworking */,
			);
			name = Libraries;
			sourceTree = "<group>";
		};
		07C3557117557599000D9C34 /* AFNetworking */ = {
			isa = PBXGroup;
			children = (
				07C3557217557599000D9C34 /* AFHTTPClient.h */,
				07C3557317557599000D9C34 /* AFHTTPClient.m */,
				07C3557417557599000D9C34 /* AFHTTPRequestOperation.h */,
				07C3557517557599000D9C34 /* AFHTTPRequestOperation.m */,
				07C3557617557599000D9C34 /* AFImageRequestOperation.h */,
				07C3557717557599000D9C34 /* AFImageRequestOperation.m */,
				07C3557817557599000D9C34 /* AFJSONRequestOperation.h */,
				07C3557917557599000D9C34 /* AFJSONRequestOperation.m */,
				07C3557A17557599000D9C34 /* AFNetworkActivityIndicatorManager.h */,
				07C3557B17557599000D9C34 /* AFNetworkActivityIndicatorManager.m */,
				07C3557C17557599000D9C34 /* AFNetworking.h */,
				07C3557D17557599000D9C34 /* AFPropertyListRequestOperation.h */,
				07C3557E17557599000D9C34 /* AFPropertyListRequestOperation.m */,
				07C3557F17557599000D9C34 /* AFURLConnectionOperation.h */,
				07C3558017557599000D9C34 /* AFURLConnectionOperation.m */,
				07C3558117557599000D9C34 /* AFXMLRequestOperation.h */,
				07C3558217557599000D9C34 /* AFXMLRequestOperation.m */,
				07C3558317557599000D9C34 /* UIImageView+AFNetworking.h */,
				07C3558417557599000D9C34 /* UIImageView+AFNetworking.m */,
			);
			path = AFNetworking;
			sourceTree = "<group>";
		};
		07C7727D176CE30500053BA6 /* Main Image Cell */ = {
			isa = PBXGroup;
			children = (
				07C7727E176CE32600053BA6 /* OMUMainImageCell.h */,
				07C7727F176CE32600053BA6 /* OMUMainImageCell.m */,
			);
			name = "Main Image Cell";
			sourceTree = "<group>";
		};
		07EDE23E1746E9B5005CB5B1 /* Models */ = {
			isa = PBXGroup;
			children = (
				079798691763845500A36644 /* OMUWeatherModel.h */,
				0797986A1763845500A36644 /* OMUWeatherModel.m */,
				0797986C1763BDDA00A36644 /* OMUCoursesManager.h */,
				0797986D1763BDDA00A36644 /* OMUCoursesManager.m */,
			);
			name = Models;
			sourceTree = "<group>";
		};
		07EDE23F1746E9BD005CB5B1 /* View Controllers */ = {
			isa = PBXGroup;
			children = (
				07AD0EC41746E5CC002BF8F6 /* OMUDefaultViewController.h */,
				07AD0EC51746E5CC002BF8F6 /* OMUDefaultViewController.m */,
				07D65FFF1763763900FAFBAC /* OMUHomeViewController.h */,
				07D660001763763900FAFBAC /* OMUHomeViewController.m */,
				07F3C7DF17778323004DFDB4 /* OMUSchoolOrganizerViewController.h */,
				07F3C7E017778323004DFDB4 /* OMUSchoolOrganizerViewController.m */,
				07866D7817999327009893E4 /* OMUCoursesViewController.h */,
				07866D7917999327009893E4 /* OMUCoursesViewController.m */,
			);
			name = "View Controllers";
			sourceTree = "<group>";
		};
		07EDE2411746E9ED005CB5B1 /* Resources */ = {
			isa = PBXGroup;
			children = (
				07EDE2431746EA1F005CB5B1 /* images */,
				07EDE2421746EA13005CB5B1 /* nibs */,
			);
			name = Resources;
			sourceTree = "<group>";
		};
		07EDE2421746EA13005CB5B1 /* nibs */ = {
			isa = PBXGroup;
			children = (
				07AD0EC71746E5CC002BF8F6 /* OMUViewController_iPhone.xib */,
				07AD0ECA1746E5CC002BF8F6 /* OMUViewController_iPad.xib */,
			);
			name = nibs;
			sourceTree = "<group>";
		};
		07EDE2431746EA1F005CB5B1 /* images */ = {
			isa = PBXGroup;
			children = (
				07C340E817998A6B00F50D48 /* navbar_back_btn.png */,
				07C340E917998A6B00F50D48 /* navbar_back_btn@2x.png */,
				07F3C8531777A7C2004DFDB4 /* error_bar.png */,
				07F3C8541777A7C2004DFDB4 /* error_bar@2x.png */,
				07F3C80B1777A10F004DFDB4 /* loading_bar_1.png */,
				07F3C80C1777A10F004DFDB4 /* loading_bar_1@2x.png */,
				07F3C80D1777A10F004DFDB4 /* loading_bar_2.png */,
				07F3C80E1777A10F004DFDB4 /* loading_bar_2@2x.png */,
				07F3C80F1777A10F004DFDB4 /* loading_bar_3.png */,
				07F3C8101777A10F004DFDB4 /* loading_bar_3@2x.png */,
				07F3C8111777A10F004DFDB4 /* loading_bar_4.png */,
				07F3C8121777A10F004DFDB4 /* loading_bar_4@2x.png */,
				07F3C8131777A10F004DFDB4 /* loading_bar_5.png */,
				07F3C8141777A10F004DFDB4 /* loading_bar_5@2x.png */,
				07F3C8151777A10F004DFDB4 /* loading_bar_6.png */,
				07F3C8161777A10F004DFDB4 /* loading_bar_6@2x.png */,
				07F3C8171777A10F004DFDB4 /* loading_bar_7.png */,
				07F3C8181777A10F004DFDB4 /* loading_bar_7@2x.png */,
				07F3C8191777A10F004DFDB4 /* loading_bar_8.png */,
				07F3C81A1777A10F004DFDB4 /* loading_bar_8@2x.png */,
				07F3C81B1777A10F004DFDB4 /* loading_bar_9.png */,
				07F3C81C1777A10F004DFDB4 /* loading_bar_9@2x.png */,
				07F3C81D1777A10F004DFDB4 /* loading_bar_10.png */,
				07F3C81E1777A10F004DFDB4 /* loading_bar_10@2x.png */,
				07F3C81F1777A10F004DFDB4 /* main_image_direction.png */,
				07F3C8201777A10F004DFDB4 /* main_image_direction@2x.png */,
				07F3C8211777A10F004DFDB4 /* main_image_faq.png */,
				07F3C8221777A10F004DFDB4 /* main_image_faq@2x.png */,
				07F3C8231777A10F004DFDB4 /* main_image_news.png */,
				07F3C8241777A10F004DFDB4 /* main_image_news@2x.png */,
				07F3C8251777A10F004DFDB4 /* main_image_school.png */,
				07F3C8261777A10F004DFDB4 /* main_image_school@2x.png */,
				07F3C8271777A10F004DFDB4 /* main_image_social.png */,
				07F3C8281777A10F004DFDB4 /* main_image_social@2x.png */,
				07F3C8291777A10F004DFDB4 /* navbar_bg.png */,
				07F3C82A1777A10F004DFDB4 /* navbar_bg@2x.png */,
				07F3C82B1777A10F004DFDB4 /* navbar_menu_btn.png */,
				07F3C82C1777A10F004DFDB4 /* navbar_menu_btn@2x.png */,
			);
			name = images;
			path = "Oh My UW/Images";
			sourceTree = "<group>";
		};
		07F3C8521777A59C004DFDB4 /* Info Cells */ = {
			isa = PBXGroup;
			children = (
				07AA9AF717694BA600D90672 /* OMUDefaultLoadingCell.h */,
				07AA9AF817694BA600D90672 /* OMUDefaultLoadingCell.m */,
				07F3C80817779BB8004DFDB4 /* OMUErrorCell.h */,
				07F3C80917779BB8004DFDB4 /* OMUErrorCell.m */,
				07F3C84F1777A4A1004DFDB4 /* OMUInfoCell.h */,
				07F3C8501777A4A1004DFDB4 /* OMUInfoCell.m */,
			);
			name = "Info Cells";
			sourceTree = "<group>";
		};
/* End PBXGroup section */

/* Begin PBXNativeTarget section */
		07AD0EA81746E5CC002BF8F6 /* Oh My UW */ = {
			isa = PBXNativeTarget;
			buildConfigurationList = 07AD0ECF1746E5CC002BF8F6 /* Build configuration list for PBXNativeTarget "Oh My UW" */;
			buildPhases = (
				07AD0EA51746E5CC002BF8F6 /* Sources */,
				07AD0EA61746E5CC002BF8F6 /* Frameworks */,
				07AD0EA71746E5CC002BF8F6 /* Resources */,
			);
			buildRules = (
			);
			dependencies = (
			);
			name = "Oh My UW";
			productName = "Oh My UW";
			productReference = 07AD0EA91746E5CC002BF8F6 /* Oh My UW.app */;
			productType = "com.apple.product-type.application";
		};
/* End PBXNativeTarget section */

/* Begin PBXProject section */
		07AD0EA11746E5CB002BF8F6 /* Project object */ = {
			isa = PBXProject;
			attributes = {
				CLASSPREFIX = OMU;
				LastUpgradeCheck = 0460;
				ORGANIZATIONNAME = "Eric Lui";
			};
			buildConfigurationList = 07AD0EA41746E5CB002BF8F6 /* Build configuration list for PBXProject "Oh_My_UW" */;
			compatibilityVersion = "Xcode 3.2";
			developmentRegion = English;
			hasScannedForEncodings = 0;
			knownRegions = (
				en,
			);
			mainGroup = 07AD0EA01746E5CB002BF8F6;
			productRefGroup = 07AD0EAA1746E5CC002BF8F6 /* Products */;
			projectDirPath = "";
			projectRoot = "";
			targets = (
				07AD0EA81746E5CC002BF8F6 /* Oh My UW */,
			);
		};
/* End PBXProject section */

/* Begin PBXResourcesBuildPhase section */
		07AD0EA71746E5CC002BF8F6 /* Resources */ = {
			isa = PBXResourcesBuildPhase;
			buildActionMask = 2147483647;
			files = (
				07AD0EB71746E5CC002BF8F6 /* InfoPlist.strings in Resources */,
				07AD0EC91746E5CC002BF8F6 /* OMUViewController_iPhone.xib in Resources */,
				07AD0ECC1746E5CC002BF8F6 /* OMUViewController_iPad.xib in Resources */,
				07F3C82D1777A10F004DFDB4 /* loading_bar_1.png in Resources */,
				07F3C82E1777A10F004DFDB4 /* loading_bar_1@2x.png in Resources */,
				07F3C82F1777A10F004DFDB4 /* loading_bar_2.png in Resources */,
				07F3C8301777A10F004DFDB4 /* loading_bar_2@2x.png in Resources */,
				07F3C8311777A10F004DFDB4 /* loading_bar_3.png in Resources */,
				07F3C8321777A10F004DFDB4 /* loading_bar_3@2x.png in Resources */,
				07F3C8331777A10F004DFDB4 /* loading_bar_4.png in Resources */,
				07F3C8341777A10F004DFDB4 /* loading_bar_4@2x.png in Resources */,
				07F3C8351777A10F004DFDB4 /* loading_bar_5.png in Resources */,
				07F3C8361777A10F004DFDB4 /* loading_bar_5@2x.png in Resources */,
				07F3C8371777A10F004DFDB4 /* loading_bar_6.png in Resources */,
				07F3C8381777A10F004DFDB4 /* loading_bar_6@2x.png in Resources */,
				07F3C8391777A10F004DFDB4 /* loading_bar_7.png in Resources */,
				07F3C83A1777A10F004DFDB4 /* loading_bar_7@2x.png in Resources */,
				07F3C83B1777A10F004DFDB4 /* loading_bar_8.png in Resources */,
				07F3C83C1777A10F004DFDB4 /* loading_bar_8@2x.png in Resources */,
				07F3C83D1777A10F004DFDB4 /* loading_bar_9.png in Resources */,
				07F3C83E1777A10F004DFDB4 /* loading_bar_9@2x.png in Resources */,
				07F3C83F1777A10F004DFDB4 /* loading_bar_10.png in Resources */,
				07F3C8401777A10F004DFDB4 /* loading_bar_10@2x.png in Resources */,
				07F3C8411777A10F004DFDB4 /* main_image_direction.png in Resources */,
				07F3C8421777A10F004DFDB4 /* main_image_direction@2x.png in Resources */,
				07F3C8431777A10F004DFDB4 /* main_image_faq.png in Resources */,
				07F3C8441777A10F004DFDB4 /* main_image_faq@2x.png in Resources */,
				07F3C8451777A10F004DFDB4 /* main_image_news.png in Resources */,
				07F3C8461777A10F004DFDB4 /* main_image_news@2x.png in Resources */,
				07F3C8471777A10F004DFDB4 /* main_image_school.png in Resources */,
				07F3C8481777A10F004DFDB4 /* main_image_school@2x.png in Resources */,
				07F3C8491777A10F004DFDB4 /* main_image_social.png in Resources */,
				07F3C84A1777A10F004DFDB4 /* main_image_social@2x.png in Resources */,
				07F3C84B1777A10F004DFDB4 /* navbar_bg.png in Resources */,
				07F3C84C1777A10F004DFDB4 /* navbar_bg@2x.png in Resources */,
				07F3C84D1777A10F004DFDB4 /* navbar_menu_btn.png in Resources */,
				07F3C84E1777A10F004DFDB4 /* navbar_menu_btn@2x.png in Resources */,
				07F3C8551777A7C2004DFDB4 /* error_bar.png in Resources */,
				07F3C8561777A7C2004DFDB4 /* error_bar@2x.png in Resources */,
				07C340EA17998A6B00F50D48 /* navbar_back_btn.png in Resources */,
				07C340EB17998A6B00F50D48 /* navbar_back_btn@2x.png in Resources */,
			);
			runOnlyForDeploymentPostprocessing = 0;
		};
/* End PBXResourcesBuildPhase section */

/* Begin PBXSourcesBuildPhase section */
		07AD0EA51746E5CC002BF8F6 /* Sources */ = {
			isa = PBXSourcesBuildPhase;
			buildActionMask = 2147483647;
			files = (
				07AD0EB91746E5CC002BF8F6 /* main.m in Sources */,
				07AD0EBD1746E5CC002BF8F6 /* OMUAppDelegate.m in Sources */,
				07AD0EC61746E5CC002BF8F6 /* OMUDefaultViewController.m in Sources */,
				07C5BC96176D1E7F001F59F2 /* OMUDeviceUtils.m in Sources */,
				07C3558517557599000D9C34 /* AFHTTPClient.m in Sources */,
				07C3558617557599000D9C34 /* AFHTTPRequestOperation.m in Sources */,
				07C3558717557599000D9C34 /* AFImageRequestOperation.m in Sources */,
				07C3558817557599000D9C34 /* AFJSONRequestOperation.m in Sources */,
				07C3558917557599000D9C34 /* AFNetworkActivityIndicatorManager.m in Sources */,
				07C3558A17557599000D9C34 /* AFPropertyListRequestOperation.m in Sources */,
				07C3558B17557599000D9C34 /* AFURLConnectionOperation.m in Sources */,
				07C3558C17557599000D9C34 /* AFXMLRequestOperation.m in Sources */,
				07C3558D17557599000D9C34 /* UIImageView+AFNetworking.m in Sources */,
				076346841755952200645A1B /* OMUNavigationBar.m in Sources */,
				07A86E50175826ED0078ED36 /* OMUSideMenu.m in Sources */,
				075393FE175981C600D59314 /* OMUNavigationConstants.m in Sources */,
				07D65FFE176240A300FAFBAC /* OMURequestConstants.m in Sources */,
				07D660011763763900FAFBAC /* OMUHomeViewController.m in Sources */,
				0797986B1763845500A36644 /* OMUWeatherModel.m in Sources */,
				0797986E1763BDDA00A36644 /* OMUCoursesManager.m in Sources */,
				079798711763C89800A36644 /* OMUWeatherCell.m in Sources */,
				079798741763CDE100A36644 /* OMUMainWeatherCellView.m in Sources */,
				0778B216176407BC0069D4B4 /* OMUMinorWeatherCellView.m in Sources */,
				07AA9AF917694BA600D90672 /* OMUDefaultLoadingCell.m in Sources */,
				07C77280176CE32600053BA6 /* OMUMainImageCell.m in Sources */,
				0702C3CC176E9E6C00F3D3E8 /* OMUImageManager.m in Sources */,
				07F3C7E117778323004DFDB4 /* OMUSchoolOrganizerViewController.m in Sources */,
				07F3C80A17779BB8004DFDB4 /* OMUErrorCell.m in Sources */,
				07F3C8511777A4A2004DFDB4 /* OMUInfoCell.m in Sources */,
				079B377F177BC53B001DA466 /* OMUSideMenuHeader.m in Sources */,
				07866D7A17999327009893E4 /* OMUCoursesViewController.m in Sources */,
				07866D7D179994F7009893E4 /* OMUUIUtils.m in Sources */,
			);
			runOnlyForDeploymentPostprocessing = 0;
		};
/* End PBXSourcesBuildPhase section */

/* Begin PBXVariantGroup section */
		07AD0EB51746E5CC002BF8F6 /* InfoPlist.strings */ = {
			isa = PBXVariantGroup;
			children = (
				07AD0EB61746E5CC002BF8F6 /* en */,
			);
			name = InfoPlist.strings;
			sourceTree = "<group>";
		};
		07AD0EC71746E5CC002BF8F6 /* OMUViewController_iPhone.xib */ = {
			isa = PBXVariantGroup;
			children = (
				07AD0EC81746E5CC002BF8F6 /* en */,
			);
			name = OMUViewController_iPhone.xib;
			path = "Oh My UW";
			sourceTree = "<group>";
		};
		07AD0ECA1746E5CC002BF8F6 /* OMUViewController_iPad.xib */ = {
			isa = PBXVariantGroup;
			children = (
				07AD0ECB1746E5CC002BF8F6 /* en */,
			);
			name = OMUViewController_iPad.xib;
			path = "Oh My UW";
			sourceTree = "<group>";
		};
/* End PBXVariantGroup section */

/* Begin XCBuildConfiguration section */
		07AD0ECD1746E5CC002BF8F6 /* Debug */ = {
			isa = XCBuildConfiguration;
			buildSettings = {
				ALWAYS_SEARCH_USER_PATHS = NO;
				CLANG_CXX_LANGUAGE_STANDARD = "gnu++0x";
				CLANG_CXX_LIBRARY = "libc++";
				CLANG_ENABLE_OBJC_ARC = YES;
				CLANG_WARN_CONSTANT_CONVERSION = YES;
				CLANG_WARN_EMPTY_BODY = YES;
				CLANG_WARN_ENUM_CONVERSION = YES;
				CLANG_WARN_INT_CONVERSION = YES;
				CLANG_WARN__DUPLICATE_METHOD_MATCH = YES;
				"CODE_SIGN_IDENTITY[sdk=iphoneos*]" = "iPhone Developer";
				COPY_PHASE_STRIP = NO;
				GCC_C_LANGUAGE_STANDARD = gnu99;
				GCC_DYNAMIC_NO_PIC = NO;
				GCC_OPTIMIZATION_LEVEL = 0;
				GCC_PREPROCESSOR_DEFINITIONS = (
					"DEBUG=1",
					"$(inherited)",
				);
				GCC_SYMBOLS_PRIVATE_EXTERN = NO;
				GCC_WARN_ABOUT_RETURN_TYPE = YES;
				GCC_WARN_UNINITIALIZED_AUTOS = YES;
				GCC_WARN_UNUSED_VARIABLE = YES;
				IPHONEOS_DEPLOYMENT_TARGET = 6.1;
				ONLY_ACTIVE_ARCH = YES;
				SDKROOT = iphoneos;
				TARGETED_DEVICE_FAMILY = "1,2";
			};
			name = Debug;
		};
		07AD0ECE1746E5CC002BF8F6 /* Release */ = {
			isa = XCBuildConfiguration;
			buildSettings = {
				ALWAYS_SEARCH_USER_PATHS = NO;
				CLANG_CXX_LANGUAGE_STANDARD = "gnu++0x";
				CLANG_CXX_LIBRARY = "libc++";
				CLANG_ENABLE_OBJC_ARC = YES;
				CLANG_WARN_CONSTANT_CONVERSION = YES;
				CLANG_WARN_EMPTY_BODY = YES;
				CLANG_WARN_ENUM_CONVERSION = YES;
				CLANG_WARN_INT_CONVERSION = YES;
				CLANG_WARN__DUPLICATE_METHOD_MATCH = YES;
				"CODE_SIGN_IDENTITY[sdk=iphoneos*]" = "iPhone Developer";
				COPY_PHASE_STRIP = YES;
				GCC_C_LANGUAGE_STANDARD = gnu99;
				GCC_WARN_ABOUT_RETURN_TYPE = YES;
				GCC_WARN_UNINITIALIZED_AUTOS = YES;
				GCC_WARN_UNUSED_VARIABLE = YES;
				IPHONEOS_DEPLOYMENT_TARGET = 6.1;
				OTHER_CFLAGS = "-DNS_BLOCK_ASSERTIONS=1";
				SDKROOT = iphoneos;
				TARGETED_DEVICE_FAMILY = "1,2";
				VALIDATE_PRODUCT = YES;
			};
			name = Release;
		};
		07AD0ED01746E5CC002BF8F6 /* Debug */ = {
			isa = XCBuildConfiguration;
			buildSettings = {
				CODE_SIGN_IDENTITY = "iPhone Developer: Eric Lui (X64FHS5GGN)";
				"CODE_SIGN_IDENTITY[sdk=iphoneos*]" = "iPhone Developer: Eric Lui (X64FHS5GGN)";
				GCC_PRECOMPILE_PREFIX_HEADER = YES;
				GCC_PREFIX_HEADER = "$(SRCROOT)/Oh My UW/Oh_My_UW-Prefix.pch";
				INFOPLIST_FILE = "$(SRCROOT)/Oh My UW/Oh_My_UW-Info.plist";
				IPHONEOS_DEPLOYMENT_TARGET = 6.1;
				PRODUCT_NAME = "$(TARGET_NAME)";
				PROVISIONING_PROFILE = "B42C2536-5397-406E-B83B-0D6E04B562C4";
				"PROVISIONING_PROFILE[sdk=iphoneos*]" = "B42C2536-5397-406E-B83B-0D6E04B562C4";
				TARGETED_DEVICE_FAMILY = 1;
				WRAPPER_EXTENSION = app;
			};
			name = Debug;
		};
		07AD0ED11746E5CC002BF8F6 /* Release */ = {
			isa = XCBuildConfiguration;
			buildSettings = {
				CODE_SIGN_IDENTITY = "iPhone Developer: Eric Lui (X64FHS5GGN)";
				GCC_PRECOMPILE_PREFIX_HEADER = YES;
				GCC_PREFIX_HEADER = "$(SRCROOT)/Oh My UW/Oh_My_UW-Prefix.pch";
				INFOPLIST_FILE = "$(SRCROOT)/Oh My UW/Oh_My_UW-Info.plist";
				IPHONEOS_DEPLOYMENT_TARGET = 6.1;
				PRODUCT_NAME = "$(TARGET_NAME)";
				PROVISIONING_PROFILE = "427CEF38-C227-4B0F-BFD4-E3BBC9AA749C";
				TARGETED_DEVICE_FAMILY = 1;
				WRAPPER_EXTENSION = app;
			};
			name = Release;
		};
/* End XCBuildConfiguration section */

/* Begin XCConfigurationList section */
		07AD0EA41746E5CB002BF8F6 /* Build configuration list for PBXProject "Oh_My_UW" */ = {
			isa = XCConfigurationList;
			buildConfigurations = (
				07AD0ECD1746E5CC002BF8F6 /* Debug */,
				07AD0ECE1746E5CC002BF8F6 /* Release */,
			);
			defaultConfigurationIsVisible = 0;
			defaultConfigurationName = Release;
		};
		07AD0ECF1746E5CC002BF8F6 /* Build configuration list for PBXNativeTarget "Oh My UW" */ = {
			isa = XCConfigurationList;
			buildConfigurations = (
				07AD0ED01746E5CC002BF8F6 /* Debug */,
				07AD0ED11746E5CC002BF8F6 /* Release */,
			);
			defaultConfigurationIsVisible = 0;
			defaultConfigurationName = Release;
		};
/* End XCConfigurationList section */
	};
	rootObject = 07AD0EA11746E5CB002BF8F6 /* Project object */;
}
